dependencies:
- name: backstage
  repository: https://backstage.github.io/charts
  version: 2.5.3
- name: common
  repository: https://charts.bitnami.com/bitnami
  version: 2.37.0
digest: sha256:6eb99af59a93eaf1d5b5401df1fb2f9daa15fe4568749649990a514a66cf4aa3
generated: "2026-03-27T14:59:56.635028-03:00"
